PODS:
  - InputBarAccessoryView (4.3.3):
    - InputBarAccessoryView/Core (= 4.3.3)
  - InputBarAccessoryView/Core (4.3.3)
  - Kingfisher (7.3.2)
  - lottie-ios (3.3.0)
  - MessageKit (3.1.0):
    - InputBarAccessoryView (~> 4.3.0)
  - NetacomSDKs (10.0.1):
    - Kingfisher (= 7.3.2)
    - lottie-ios (= 3.3.0)
    - XCoordinator (~> 2.0)
  - NotificationSDK (10.0.1):
    - RealmSwift (= 10.12.0)
    - Socket.IO-Client-Swift (= 15.2.0)
    - ZIPFoundation (~> 0.9)
  - Realm (10.12.0):
    - Realm/Headers (= 10.12.0)
  - Realm/Headers (10.12.0)
  - RealmSwift (10.12.0):
    - Realm (= 10.12.0)
  - Resolver (1.4.4)
  - Socket.IO-Client-Swift (15.2.0):
    - Starscream (~> 3.1)
  - Starscream (3.1.1)
  - WebRTC (3.3.0)
  - XCoordinator (2.2.0):
    - XCoordinator/Core (= 2.2.0)
  - XCoordinator/Core (2.2.0)
  - ZIPFoundation (0.9.15)

DEPENDENCIES:
  - MessageKit (from `https://github.com/Netacom-NetAlo/Messagekit-iOS`)
  - NetacomSDKs (from `https://github.com/Netacom-NetAlo/NetaloSDKs-iOS`, tag `10.0.1`)
  - NotificationSDK (from `https://github.com/Netacom-NetAlo/NotiSDKs-iOS`, tag `10.0.1`)
  - Resolver (from `https://github.com/Netacom-NetAlo/Resolver-iOS`, branch `main`)
  - WebRTC (from `https://github.com/Netacom-NetAlo/WebRTC-iOS`, branch `main`)

SPEC REPOS:
  trunk:
    - InputBarAccessoryView
    - Kingfisher
    - lottie-ios
    - Realm
    - RealmSwift
    - Socket.IO-Client-Swift
    - Starscream
    - XCoordinator
    - ZIPFoundation

EXTERNAL SOURCES:
  MessageKit:
    :git: https://github.com/Netacom-NetAlo/Messagekit-iOS
  NetacomSDKs:
    :git: https://github.com/Netacom-NetAlo/NetaloSDKs-iOS
    :tag: 10.0.1
  NotificationSDK:
    :git: https://github.com/Netacom-NetAlo/NotiSDKs-iOS
    :tag: 10.0.1
  Resolver:
    :branch: main
    :git: https://github.com/Netacom-NetAlo/Resolver-iOS
  WebRTC:
    :branch: main
    :git: https://github.com/Netacom-NetAlo/WebRTC-iOS

CHECKOUT OPTIONS:
  MessageKit:
    :commit: d5d13370ae47c42f432d933d12f5c492743ed450
    :git: https://github.com/Netacom-NetAlo/Messagekit-iOS
  NetacomSDKs:
    :git: https://github.com/Netacom-NetAlo/NetaloSDKs-iOS
    :tag: 10.0.1
  NotificationSDK:
    :git: https://github.com/Netacom-NetAlo/NotiSDKs-iOS
    :tag: 10.0.1
  Resolver:
    :commit: 0a0399b29e1c9a3fd93658cddd58a88fb4e055ab
    :git: https://github.com/Netacom-NetAlo/Resolver-iOS
  WebRTC:
    :commit: 5235bdd0c48c197301dedda55ed6fb63535b8541
    :git: https://github.com/Netacom-NetAlo/WebRTC-iOS

SPEC CHECKSUMS:
  InputBarAccessoryView: 8e7fc09e9cba75e0fee5da13450e15c194806f69
  Kingfisher: 0086ad83719761ba9b2cdaf6ef4d5b4878cbae23
  lottie-ios: 6ac74dcc09904798f59b18cb3075c089d76be9ae
  MessageKit: 3beb578737a5aa2bba25cc27c7b6d6faa09af5a7
  NetacomSDKs: 4472b87eab5125dbeea1c0c765f6a4e0890a8f7b
  NotificationSDK: d7648bb79a418f0167a0c1ab8df544eb9caf32af
  Realm: 32488213acb44660539c619d620cec1bac046166
  RealmSwift: 0abdca6231d5ff8a4f84cef9c1121ef95a483faf
  Resolver: fc42cde63baab77c70d0e3c9538f44d978bb3744
  Socket.IO-Client-Swift: 1e3e3a1f09f3312a167f0d781eb2f383d477357c
  Starscream: 4bb2f9942274833f7b4d296a55504dcfc7edb7b0
  WebRTC: dc02454e9969ae0df8de1094e5a4bd7dbcc083b7
  XCoordinator: a5f91e43ee944f508529763921165697d3211629
  ZIPFoundation: 063163dc828bf699c5be160eb4f58f676322d94f

PODFILE CHECKSUM: ecce756d763454acae956896b662941d3ce0924a

COCOAPODS: 1.11.3
