// !$*UTF8*$!
{
	archiveVersion = 1;
	classes = {
	};
	objectVersion = 55;
	objects = {

/* Begin PBXBuildFile section */
		2F60971127BF93B6009524DC /* NotificationExtension.appex in Embed App Extensions */ = {isa = PBXBuildFile; fileRef = 2F6DF24427BE393E00AFF4F5 /* NotificationExtension.appex */; settings = {ATTRIBUTES = (RemoveHeadersOnCopy, ); }; };
		2F6DF20627BDF46F00AFF4F5 /* AppDelegate.swift in Sources */ = {isa = PBXBuildFile; fileRef = 2F6DF20527BDF46F00AFF4F5 /* AppDelegate.swift */; };
		2F6DF20A27BDF46F00AFF4F5 /* ViewController.swift in Sources */ = {isa = PBXBuildFile; fileRef = 2F6DF20927BDF46F00AFF4F5 /* ViewController.swift */; };
		2F6DF20D27BDF46F00AFF4F5 /* Main.storyboard in Resources */ = {isa = PBXBuildFile; fileRef = 2F6DF20B27BDF46F00AFF4F5 /* Main.storyboard */; };
		2F6DF20F27BDF47000AFF4F5 /* Assets.xcassets in Resources */ = {isa = PBXBuildFile; fileRef = 2F6DF20E27BDF47000AFF4F5 /* Assets.xcassets */; };
		2F6DF21227BDF47000AFF4F5 /* LaunchScreen.storyboard in Resources */ = {isa = PBXBuildFile; fileRef = 2F6DF21027BDF47000AFF4F5 /* LaunchScreen.storyboard */; };
		2F6DF22D27BDFBD700AFF4F5 /* BuildConfig.swift in Sources */ = {isa = PBXBuildFile; fileRef = 2F6DF22127BDFBD700AFF4F5 /* BuildConfig.swift */; };
		2F6DF22E27BDFBD700AFF4F5 /* GoogleService-Info.plist in Resources */ = {isa = PBXBuildFile; fileRef = 2F6DF22227BDFBD700AFF4F5 /* GoogleService-Info.plist */; };
		2F6DF23727BDFE2C00AFF4F5 /* InfoPlist.strings in Resources */ = {isa = PBXBuildFile; fileRef = 2F6DF23927BDFE2C00AFF4F5 /* InfoPlist.strings */; };
		2F6DF23D27BDFF5500AFF4F5 /* DemoSDKVC.swift in Sources */ = {isa = PBXBuildFile; fileRef = 2F6DF23C27BDFF5500AFF4F5 /* DemoSDKVC.swift */; };
		2F6DF23F27BE003F00AFF4F5 /* DemoMainTabbarVC.swift in Sources */ = {isa = PBXBuildFile; fileRef = 2F6DF23E27BE003F00AFF4F5 /* DemoMainTabbarVC.swift */; };
		2F6DF24727BE393E00AFF4F5 /* NotificationService.swift in Sources */ = {isa = PBXBuildFile; fileRef = 2F6DF24627BE393E00AFF4F5 /* NotificationService.swift */; };
		2F6DF25627BE39DF00AFF4F5 /* BuildConfig.swift in Sources */ = {isa = PBXBuildFile; fileRef = 2F6DF25227BE39DF00AFF4F5 /* BuildConfig.swift */; };
		2F6DF25827BE39DF00AFF4F5 /* Injection.swift in Sources */ = {isa = PBXBuildFile; fileRef = 2F6DF25527BE39DF00AFF4F5 /* Injection.swift */; };
		5182B5DBD38843B2AB5B8810 /* Pods_NotificationExtension.framework in Frameworks */ = {isa = PBXBuildFile; fileRef = 25CB7765872354C85F1ED96B /* Pods_NotificationExtension.framework */; };
		91898D512CE0F3D4EBCB63D1 /* Pods_SDKDemo.framework in Frameworks */ = {isa = PBXBuildFile; fileRef = 19E5F609CF1BFA5D5FF56677 /* Pods_SDKDemo.framework */; };
/* End PBXBuildFile section */

/* Begin PBXContainerItemProxy section */
		2F60971227BF93B6009524DC /* PBXContainerItemProxy */ = {
			isa = PBXContainerItemProxy;
			containerPortal = 2F6DF1FA27BDF46F00AFF4F5 /* Project object */;
			proxyType = 1;
			remoteGlobalIDString = 2F6DF24327BE393E00AFF4F5;
			remoteInfo = NotificationExtension;
		};
/* End PBXContainerItemProxy section */

/* Begin PBXCopyFilesBuildPhase section */
		2F60971427BF93B7009524DC /* Embed App Extensions */ = {
			isa = PBXCopyFilesBuildPhase;
			buildActionMask = 2147483647;
			dstPath = "";
			dstSubfolderSpec = 13;
			files = (
				2F60971127BF93B6009524DC /* NotificationExtension.appex in Embed App Extensions */,
			);
			name = "Embed App Extensions";
			runOnlyForDeploymentPostprocessing = 0;
		};
		FE3A14BD28F7BA8F00C0BD58 /* Embed Frameworks */ = {
			isa = PBXCopyFilesBuildPhase;
			buildActionMask = 2147483647;
			dstPath = "";
			dstSubfolderSpec = 10;
			files = (
			);
			name = "Embed Frameworks";
			runOnlyForDeploymentPostprocessing = 0;
		};
		FE3A14CE28F7BACA00C0BD58 /* Embed Frameworks */ = {
			isa = PBXCopyFilesBuildPhase;
			buildActionMask = 2147483647;
			dstPath = "";
			dstSubfolderSpec = 10;
			files = (
			);
			name = "Embed Frameworks";
			runOnlyForDeploymentPostprocessing = 0;
		};
/* End PBXCopyFilesBuildPhase section */

/* Begin PBXFileReference section */
		19E5F609CF1BFA5D5FF56677 /* Pods_SDKDemo.framework */ = {isa = PBXFileReference; explicitFileType = wrapper.framework; includeInIndex = 0; path = Pods_SDKDemo.framework; sourceTree = BUILT_PRODUCTS_DIR; };
		25CB7765872354C85F1ED96B /* Pods_NotificationExtension.framework */ = {isa = PBXFileReference; explicitFileType = wrapper.framework; includeInIndex = 0; path = Pods_NotificationExtension.framework; sourceTree = BUILT_PRODUCTS_DIR; };
		2DDF467ED21756BD9900CFFC /* Pods-SDKDemo.release.xcconfig */ = {isa = PBXFileReference; includeInIndex = 1; lastKnownFileType = text.xcconfig; name = "Pods-SDKDemo.release.xcconfig"; path = "Target Support Files/Pods-SDKDemo/Pods-SDKDemo.release.xcconfig"; sourceTree = "<group>"; };
		2F60971527BF9427009524DC /* NotificationExtensionDebug.entitlements */ = {isa = PBXFileReference; lastKnownFileType = text.plist.entitlements; path = NotificationExtensionDebug.entitlements; sourceTree = "<group>"; };
		2F6DF20227BDF46F00AFF4F5 /* SDKDemo.app */ = {isa = PBXFileReference; explicitFileType = wrapper.application; includeInIndex = 0; path = SDKDemo.app; sourceTree = BUILT_PRODUCTS_DIR; };
		2F6DF20527BDF46F00AFF4F5 /* AppDelegate.swift */ = {isa = PBXFileReference; lastKnownFileType = sourcecode.swift; path = AppDelegate.swift; sourceTree = "<group>"; };
		2F6DF20927BDF46F00AFF4F5 /* ViewController.swift */ = {isa = PBXFileReference; lastKnownFileType = sourcecode.swift; path = ViewController.swift; sourceTree = "<group>"; };
		2F6DF20C27BDF46F00AFF4F5 /* Base */ = {isa = PBXFileReference; lastKnownFileType = file.storyboard; name = Base; path = Base.lproj/Main.storyboard; sourceTree = "<group>"; };
		2F6DF20E27BDF47000AFF4F5 /* Assets.xcassets */ = {isa = PBXFileReference; lastKnownFileType = folder.assetcatalog; path = Assets.xcassets; sourceTree = "<group>"; };
		2F6DF21127BDF47000AFF4F5 /* Base */ = {isa = PBXFileReference; lastKnownFileType = file.storyboard; name = Base; path = Base.lproj/LaunchScreen.storyboard; sourceTree = "<group>"; };
		2F6DF21927BDF9E500AFF4F5 /* SDKDemo.entitlements */ = {isa = PBXFileReference; lastKnownFileType = text.plist.entitlements; path = SDKDemo.entitlements; sourceTree = "<group>"; };
		2F6DF22127BDFBD700AFF4F5 /* BuildConfig.swift */ = {isa = PBXFileReference; fileEncoding = 4; lastKnownFileType = sourcecode.swift; path = BuildConfig.swift; sourceTree = "<group>"; };
		2F6DF22227BDFBD700AFF4F5 /* GoogleService-Info.plist */ = {isa = PBXFileReference; fileEncoding = 4; lastKnownFileType = text.plist.xml; path = "GoogleService-Info.plist"; sourceTree = "<group>"; };
		2F6DF23327BDFC3D00AFF4F5 /* Info.plist */ = {isa = PBXFileReference; fileEncoding = 4; lastKnownFileType = text.plist.xml; path = Info.plist; sourceTree = "<group>"; };
		2F6DF23827BDFE2C00AFF4F5 /* en */ = {isa = PBXFileReference; lastKnownFileType = text.plist.strings; name = en; path = en.lproj/InfoPlist.strings; sourceTree = "<group>"; };
		2F6DF23A27BDFE5500AFF4F5 /* vi */ = {isa = PBXFileReference; lastKnownFileType = text.plist.strings; name = vi; path = vi.lproj/InfoPlist.strings; sourceTree = "<group>"; };
		2F6DF23C27BDFF5500AFF4F5 /* DemoSDKVC.swift */ = {isa = PBXFileReference; lastKnownFileType = sourcecode.swift; path = DemoSDKVC.swift; sourceTree = "<group>"; };
		2F6DF23E27BE003F00AFF4F5 /* DemoMainTabbarVC.swift */ = {isa = PBXFileReference; lastKnownFileType = sourcecode.swift; path = DemoMainTabbarVC.swift; sourceTree = "<group>"; };
		2F6DF24427BE393E00AFF4F5 /* NotificationExtension.appex */ = {isa = PBXFileReference; explicitFileType = "wrapper.app-extension"; includeInIndex = 0; path = NotificationExtension.appex; sourceTree = BUILT_PRODUCTS_DIR; };
		2F6DF24627BE393E00AFF4F5 /* NotificationService.swift */ = {isa = PBXFileReference; lastKnownFileType = sourcecode.swift; path = NotificationService.swift; sourceTree = "<group>"; };
		2F6DF25227BE39DF00AFF4F5 /* BuildConfig.swift */ = {isa = PBXFileReference; fileEncoding = 4; lastKnownFileType = sourcecode.swift; path = BuildConfig.swift; sourceTree = "<group>"; };
		2F6DF25327BE39DF00AFF4F5 /* NotificationExtension.entitlements */ = {isa = PBXFileReference; fileEncoding = 4; lastKnownFileType = text.plist.entitlements; path = NotificationExtension.entitlements; sourceTree = "<group>"; };
		2F6DF25427BE39DF00AFF4F5 /* Info.plist */ = {isa = PBXFileReference; fileEncoding = 4; lastKnownFileType = text.plist.xml; path = Info.plist; sourceTree = "<group>"; };
		2F6DF25527BE39DF00AFF4F5 /* Injection.swift */ = {isa = PBXFileReference; fileEncoding = 4; lastKnownFileType = sourcecode.swift; path = Injection.swift; sourceTree = "<group>"; };
		78FCDFB4781BC53C5E5131A6 /* Pods-SDKDemo.debug.xcconfig */ = {isa = PBXFileReference; includeInIndex = 1; lastKnownFileType = text.xcconfig; name = "Pods-SDKDemo.debug.xcconfig"; path = "Target Support Files/Pods-SDKDemo/Pods-SDKDemo.debug.xcconfig"; sourceTree = "<group>"; };
		8C099961B61DD83127BC8CE1 /* Pods-NotificationExtension.debug.xcconfig */ = {isa = PBXFileReference; includeInIndex = 1; lastKnownFileType = text.xcconfig; name = "Pods-NotificationExtension.debug.xcconfig"; path = "Target Support Files/Pods-NotificationExtension/Pods-NotificationExtension.debug.xcconfig"; sourceTree = "<group>"; };
		8F4B1BE3782F4EAA6B957CF0 /* Pods-NotificationExtension.release.xcconfig */ = {isa = PBXFileReference; includeInIndex = 1; lastKnownFileType = text.xcconfig; name = "Pods-NotificationExtension.release.xcconfig"; path = "Target Support Files/Pods-NotificationExtension/Pods-NotificationExtension.release.xcconfig"; sourceTree = "<group>"; };
/* End PBXFileReference section */

/* Begin PBXFrameworksBuildPhase section */
		2F6DF1FF27BDF46F00AFF4F5 /* Frameworks */ = {
			isa = PBXFrameworksBuildPhase;
			buildActionMask = 2147483647;
			files = (
				91898D512CE0F3D4EBCB63D1 /* Pods_SDKDemo.framework in Frameworks */,
			);
			runOnlyForDeploymentPostprocessing = 0;
		};
		2F6DF24127BE393E00AFF4F5 /* Frameworks */ = {
			isa = PBXFrameworksBuildPhase;
			buildActionMask = 2147483647;
			files = (
				5182B5DBD38843B2AB5B8810 /* Pods_NotificationExtension.framework in Frameworks */,
			);
			runOnlyForDeploymentPostprocessing = 0;
		};
/* End PBXFrameworksBuildPhase section */

/* Begin PBXGroup section */
		2F6DF1F927BDF46F00AFF4F5 = {
			isa = PBXGroup;
			children = (
				2F6DF20427BDF46F00AFF4F5 /* SDKDemo */,
				2F6DF24527BE393E00AFF4F5 /* NotificationExtension */,
				2F6DF20327BDF46F00AFF4F5 /* Products */,
				EBE6D99E49E1145B40B1C8CC /* Pods */,
				3ED17CCECDD74081571C2F53 /* Frameworks */,
			);
			sourceTree = "<group>";
		};
		2F6DF20327BDF46F00AFF4F5 /* Products */ = {
			isa = PBXGroup;
			children = (
				2F6DF20227BDF46F00AFF4F5 /* SDKDemo.app */,
				2F6DF24427BE393E00AFF4F5 /* NotificationExtension.appex */,
			);
			name = Products;
			sourceTree = "<group>";
		};
		2F6DF20427BDF46F00AFF4F5 /* SDKDemo */ = {
			isa = PBXGroup;
			children = (
				2F6DF23B27BDFF2B00AFF4F5 /* Base */,
				2F6DF21A27BDFBD700AFF4F5 /* Enviroment */,
				2F6DF20527BDF46F00AFF4F5 /* AppDelegate.swift */,
				2F6DF20927BDF46F00AFF4F5 /* ViewController.swift */,
				2F6DF20B27BDF46F00AFF4F5 /* Main.storyboard */,
				2F6DF20E27BDF47000AFF4F5 /* Assets.xcassets */,
				2F6DF21027BDF47000AFF4F5 /* LaunchScreen.storyboard */,
				2F6DF23927BDFE2C00AFF4F5 /* InfoPlist.strings */,
			);
			path = SDKDemo;
			sourceTree = "<group>";
		};
		2F6DF21A27BDFBD700AFF4F5 /* Enviroment */ = {
			isa = PBXGroup;
			children = (
				2F6DF22027BDFBD700AFF4F5 /* Production */,
			);
			path = Enviroment;
			sourceTree = "<group>";
		};
		2F6DF22027BDFBD700AFF4F5 /* Production */ = {
			isa = PBXGroup;
			children = (
				2F6DF23327BDFC3D00AFF4F5 /* Info.plist */,
				2F6DF22127BDFBD700AFF4F5 /* BuildConfig.swift */,
				2F6DF22227BDFBD700AFF4F5 /* GoogleService-Info.plist */,
				2F6DF21927BDF9E500AFF4F5 /* SDKDemo.entitlements */,
			);
			path = Production;
			sourceTree = "<group>";
		};
		2F6DF23B27BDFF2B00AFF4F5 /* Base */ = {
			isa = PBXGroup;
			children = (
				2F6DF23C27BDFF5500AFF4F5 /* DemoSDKVC.swift */,
				2F6DF23E27BE003F00AFF4F5 /* DemoMainTabbarVC.swift */,
			);
			path = Base;
			sourceTree = "<group>";
		};
		2F6DF24527BE393E00AFF4F5 /* NotificationExtension */ = {
			isa = PBXGroup;
			children = (
				2F60971527BF9427009524DC /* NotificationExtensionDebug.entitlements */,
				2F6DF25127BE39DF00AFF4F5 /* Config */,
				2F6DF25527BE39DF00AFF4F5 /* Injection.swift */,
				2F6DF24627BE393E00AFF4F5 /* NotificationService.swift */,
			);
			path = NotificationExtension;
			sourceTree = "<group>";
		};
		2F6DF25127BE39DF00AFF4F5 /* Config */ = {
			isa = PBXGroup;
			children = (
				2F6DF25227BE39DF00AFF4F5 /* BuildConfig.swift */,
				2F6DF25327BE39DF00AFF4F5 /* NotificationExtension.entitlements */,
				2F6DF25427BE39DF00AFF4F5 /* Info.plist */,
			);
			path = Config;
			sourceTree = "<group>";
		};
		3ED17CCECDD74081571C2F53 /* Frameworks */ = {
			isa = PBXGroup;
			children = (
				25CB7765872354C85F1ED96B /* Pods_NotificationExtension.framework */,
				19E5F609CF1BFA5D5FF56677 /* Pods_SDKDemo.framework */,
			);
			name = Frameworks;
			sourceTree = "<group>";
		};
		EBE6D99E49E1145B40B1C8CC /* Pods */ = {
			isa = PBXGroup;
			children = (
				8C099961B61DD83127BC8CE1 /* Pods-NotificationExtension.debug.xcconfig */,
				8F4B1BE3782F4EAA6B957CF0 /* Pods-NotificationExtension.release.xcconfig */,
				78FCDFB4781BC53C5E5131A6 /* Pods-SDKDemo.debug.xcconfig */,
				2DDF467ED21756BD9900CFFC /* Pods-SDKDemo.release.xcconfig */,
			);
			path = Pods;
			sourceTree = "<group>";
		};
/* End PBXGroup section */

/* Begin PBXNativeTarget section */
		2F6DF20127BDF46F00AFF4F5 /* SDKDemo */ = {
			isa = PBXNativeTarget;
			buildConfigurationList = 2F6DF21627BDF47000AFF4F5 /* Build configuration list for PBXNativeTarget "SDKDemo" */;
			buildPhases = (
				8132771525749681433AC9C2 /* [CP] Check Pods Manifest.lock */,
				2F6DF1FE27BDF46F00AFF4F5 /* Sources */,
				2F6DF1FF27BDF46F00AFF4F5 /* Frameworks */,
				2F6DF20027BDF46F00AFF4F5 /* Resources */,
				2F60971427BF93B7009524DC /* Embed App Extensions */,
				FE3A14BD28F7BA8F00C0BD58 /* Embed Frameworks */,
				FAFCB71C95D9910A9387548D /* [CP] Embed Pods Frameworks */,
			);
			buildRules = (
			);
			dependencies = (
				2F60971327BF93B6009524DC /* PBXTargetDependency */,
			);
			name = SDKDemo;
			productName = SDKDemo;
			productReference = 2F6DF20227BDF46F00AFF4F5 /* SDKDemo.app */;
			productType = "com.apple.product-type.application";
		};
		2F6DF24327BE393E00AFF4F5 /* NotificationExtension */ = {
			isa = PBXNativeTarget;
			buildConfigurationList = 2F6DF24F27BE393E00AFF4F5 /* Build configuration list for PBXNativeTarget "NotificationExtension" */;
			buildPhases = (
				C6EF3750D2F779AF6E7222AD /* [CP] Check Pods Manifest.lock */,
				2F6DF24027BE393E00AFF4F5 /* Sources */,
				2F6DF24127BE393E00AFF4F5 /* Frameworks */,
				2F6DF24227BE393E00AFF4F5 /* Resources */,
				FE3A14CE28F7BACA00C0BD58 /* Embed Frameworks */,
			);
			buildRules = (
			);
			dependencies = (
			);
			name = NotificationExtension;
			productName = NotificationExtension;
			productReference = 2F6DF24427BE393E00AFF4F5 /* NotificationExtension.appex */;
			productType = "com.apple.product-type.app-extension";
		};
/* End PBXNativeTarget section */

/* Begin PBXProject section */
		2F6DF1FA27BDF46F00AFF4F5 /* Project object */ = {
			isa = PBXProject;
			attributes = {
				BuildIndependentTargetsInParallel = 1;
				LastSwiftUpdateCheck = 1320;
				LastUpgradeCheck = 1320;
				TargetAttributes = {
					2F6DF20127BDF46F00AFF4F5 = {
						CreatedOnToolsVersion = 13.2.1;
					};
					2F6DF24327BE393E00AFF4F5 = {
						CreatedOnToolsVersion = 13.2.1;
					};
				};
			};
			buildConfigurationList = 2F6DF1FD27BDF46F00AFF4F5 /* Build configuration list for PBXProject "SDKDemo" */;
			compatibilityVersion = "Xcode 13.0";
			developmentRegion = en;
			hasScannedForEncodings = 0;
			knownRegions = (
				en,
				Base,
				vi,
			);
			mainGroup = 2F6DF1F927BDF46F00AFF4F5;
			productRefGroup = 2F6DF20327BDF46F00AFF4F5 /* Products */;
			projectDirPath = "";
			projectRoot = "";
			targets = (
				2F6DF20127BDF46F00AFF4F5 /* SDKDemo */,
				2F6DF24327BE393E00AFF4F5 /* NotificationExtension */,
			);
		};
/* End PBXProject section */

/* Begin PBXResourcesBuildPhase section */
		2F6DF20027BDF46F00AFF4F5 /* Resources */ = {
			isa = PBXResourcesBuildPhase;
			buildActionMask = 2147483647;
			files = (
				2F6DF21227BDF47000AFF4F5 /* LaunchScreen.storyboard in Resources */,
				2F6DF20F27BDF47000AFF4F5 /* Assets.xcassets in Resources */,
				2F6DF20D27BDF46F00AFF4F5 /* Main.storyboard in Resources */,
				2F6DF22E27BDFBD700AFF4F5 /* GoogleService-Info.plist in Resources */,
				2F6DF23727BDFE2C00AFF4F5 /* InfoPlist.strings in Resources */,
			);
			runOnlyForDeploymentPostprocessing = 0;
		};
		2F6DF24227BE393E00AFF4F5 /* Resources */ = {
			isa = PBXResourcesBuildPhase;
			buildActionMask = 2147483647;
			files = (
			);
			runOnlyForDeploymentPostprocessing = 0;
		};
/* End PBXResourcesBuildPhase section */

/* Begin PBXShellScriptBuildPhase section */
		8132771525749681433AC9C2 /* [CP] Check Pods Manifest.lock */ = {
			isa = PBXShellScriptBuildPhase;
			buildActionMask = 2147483647;
			files = (
			);
			inputFileListPaths = (
			);
			inputPaths = (
				"${PODS_PODFILE_DIR_PATH}/Podfile.lock",
				"${PODS_ROOT}/Manifest.lock",
			);
			name = "[CP] Check Pods Manifest.lock";
			outputFileListPaths = (
			);
			outputPaths = (
				"$(DERIVED_FILE_DIR)/Pods-SDKDemo-checkManifestLockResult.txt",
			);
			runOnlyForDeploymentPostprocessing = 0;
			shellPath = /bin/sh;
			shellScript = "diff \"${PODS_PODFILE_DIR_PATH}/Podfile.lock\" \"${PODS_ROOT}/Manifest.lock\" > /dev/null\nif [ $? != 0 ] ; then\n    # print error to STDERR\n    echo \"error: The sandbox is not in sync with the Podfile.lock. Run 'pod install' or update your CocoaPods installation.\" >&2\n    exit 1\nfi\n# This output is used by Xcode 'outputs' to avoid re-running this script phase.\necho \"SUCCESS\" > \"${SCRIPT_OUTPUT_FILE_0}\"\n";
			showEnvVarsInLog = 0;
		};
		C6EF3750D2F779AF6E7222AD /* [CP] Check Pods Manifest.lock */ = {
			isa = PBXShellScriptBuildPhase;
			buildActionMask = 2147483647;
			files = (
			);
			inputFileListPaths = (
			);
			inputPaths = (
				"${PODS_PODFILE_DIR_PATH}/Podfile.lock",
				"${PODS_ROOT}/Manifest.lock",
			);
			name = "[CP] Check Pods Manifest.lock";
			outputFileListPaths = (
			);
			outputPaths = (
				"$(DERIVED_FILE_DIR)/Pods-NotificationExtension-checkManifestLockResult.txt",
			);
			runOnlyForDeploymentPostprocessing = 0;
			shellPath = /bin/sh;
			shellScript = "diff \"${PODS_PODFILE_DIR_PATH}/Podfile.lock\" \"${PODS_ROOT}/Manifest.lock\" > /dev/null\nif [ $? != 0 ] ; then\n    # print error to STDERR\n    echo \"error: The sandbox is not in sync with the Podfile.lock. Run 'pod install' or update your CocoaPods installation.\" >&2\n    exit 1\nfi\n# This output is used by Xcode 'outputs' to avoid re-running this script phase.\necho \"SUCCESS\" > \"${SCRIPT_OUTPUT_FILE_0}\"\n";
			showEnvVarsInLog = 0;
		};
		FAFCB71C95D9910A9387548D /* [CP] Embed Pods Frameworks */ = {
			isa = PBXShellScriptBuildPhase;
			buildActionMask = 2147483647;
			files = (
			);
			inputFileListPaths = (
				"${PODS_ROOT}/Target Support Files/Pods-SDKDemo/Pods-SDKDemo-frameworks-${CONFIGURATION}-input-files.xcfilelist",
			);
			name = "[CP] Embed Pods Frameworks";
			outputFileListPaths = (
				"${PODS_ROOT}/Target Support Files/Pods-SDKDemo/Pods-SDKDemo-frameworks-${CONFIGURATION}-output-files.xcfilelist",
			);
			runOnlyForDeploymentPostprocessing = 0;
			shellPath = /bin/sh;
			shellScript = "\"${PODS_ROOT}/Target Support Files/Pods-SDKDemo/Pods-SDKDemo-frameworks.sh\"\n";
			showEnvVarsInLog = 0;
		};
/* End PBXShellScriptBuildPhase section */

/* Begin PBXSourcesBuildPhase section */
		2F6DF1FE27BDF46F00AFF4F5 /* Sources */ = {
			isa = PBXSourcesBuildPhase;
			buildActionMask = 2147483647;
			files = (
				2F6DF20A27BDF46F00AFF4F5 /* ViewController.swift in Sources */,
				2F6DF23F27BE003F00AFF4F5 /* DemoMainTabbarVC.swift in Sources */,
				2F6DF22D27BDFBD700AFF4F5 /* BuildConfig.swift in Sources */,
				2F6DF23D27BDFF5500AFF4F5 /* DemoSDKVC.swift in Sources */,
				2F6DF20627BDF46F00AFF4F5 /* AppDelegate.swift in Sources */,
			);
			runOnlyForDeploymentPostprocessing = 0;
		};
		2F6DF24027BE393E00AFF4F5 /* Sources */ = {
			isa = PBXSourcesBuildPhase;
			buildActionMask = 2147483647;
			files = (
				2F6DF25827BE39DF00AFF4F5 /* Injection.swift in Sources */,
				2F6DF25627BE39DF00AFF4F5 /* BuildConfig.swift in Sources */,
				2F6DF24727BE393E00AFF4F5 /* NotificationService.swift in Sources */,
			);
			runOnlyForDeploymentPostprocessing = 0;
		};
/* End PBXSourcesBuildPhase section */

/* Begin PBXTargetDependency section */
		2F60971327BF93B6009524DC /* PBXTargetDependency */ = {
			isa = PBXTargetDependency;
			target = 2F6DF24327BE393E00AFF4F5 /* NotificationExtension */;
			targetProxy = 2F60971227BF93B6009524DC /* PBXContainerItemProxy */;
		};
/* End PBXTargetDependency section */

/* Begin PBXVariantGroup section */
		2F6DF20B27BDF46F00AFF4F5 /* Main.storyboard */ = {
			isa = PBXVariantGroup;
			children = (
				2F6DF20C27BDF46F00AFF4F5 /* Base */,
			);
			name = Main.storyboard;
			sourceTree = "<group>";
		};
		2F6DF21027BDF47000AFF4F5 /* LaunchScreen.storyboard */ = {
			isa = PBXVariantGroup;
			children = (
				2F6DF21127BDF47000AFF4F5 /* Base */,
			);
			name = LaunchScreen.storyboard;
			sourceTree = "<group>";
		};
		2F6DF23927BDFE2C00AFF4F5 /* InfoPlist.strings */ = {
			isa = PBXVariantGroup;
			children = (
				2F6DF23827BDFE2C00AFF4F5 /* en */,
				2F6DF23A27BDFE5500AFF4F5 /* vi */,
			);
			name = InfoPlist.strings;
			sourceTree = "<group>";
		};
/* End PBXVariantGroup section */

/* Begin XCBuildConfiguration section */
		2F6DF21427BDF47000AFF4F5 /* Debug */ = {
			isa = XCBuildConfiguration;
			buildSettings = {
				ALWAYS_SEARCH_USER_PATHS = NO;
				ARCHS = (
					x86_64,
					arm64,
				);
				CLANG_ANALYZER_LOCALIZABILITY_NONLOCALIZED = YES;
				CLANG_ANALYZER_NONNULL = YES;
				CLANG_ANALYZER_NUMBER_OBJECT_CONVERSION = YES_AGGRESSIVE;
				CLANG_CXX_LANGUAGE_STANDARD = "gnu++17";
				CLANG_CXX_LIBRARY = "libc++";
				CLANG_ENABLE_MODULES = YES;
				CLANG_ENABLE_OBJC_ARC = YES;
				CLANG_ENABLE_OBJC_WEAK = YES;
				CLANG_WARN_BLOCK_CAPTURE_AUTORELEASING = YES;
				CLANG_WARN_BOOL_CONVERSION = YES;
				CLANG_WARN_COMMA = YES;
				CLANG_WARN_CONSTANT_CONVERSION = YES;
				CLANG_WARN_DEPRECATED_OBJC_IMPLEMENTATIONS = YES;
				CLANG_WARN_DIRECT_OBJC_ISA_USAGE = YES_ERROR;
				CLANG_WARN_DOCUMENTATION_COMMENTS = YES;
				CLANG_WARN_EMPTY_BODY = YES;
				CLANG_WARN_ENUM_CONVERSION = YES;
				CLANG_WARN_INFINITE_RECURSION = YES;
				CLANG_WARN_INT_CONVERSION = YES;
				CLANG_WARN_NON_LITERAL_NULL_CONVERSION = YES;
				CLANG_WARN_OBJC_IMPLICIT_RETAIN_SELF = YES;
				CLANG_WARN_OBJC_LITERAL_CONVERSION = YES;
				CLANG_WARN_OBJC_ROOT_CLASS = YES_ERROR;
				CLANG_WARN_QUOTED_INCLUDE_IN_FRAMEWORK_HEADER = YES;
				CLANG_WARN_RANGE_LOOP_ANALYSIS = YES;
				CLANG_WARN_STRICT_PROTOTYPES = YES;
				CLANG_WARN_SUSPICIOUS_MOVE = YES;
				CLANG_WARN_UNGUARDED_AVAILABILITY = YES_AGGRESSIVE;
				CLANG_WARN_UNREACHABLE_CODE = YES;
				CLANG_WARN__DUPLICATE_METHOD_MATCH = YES;
				COPY_PHASE_STRIP = NO;
				DEBUG_INFORMATION_FORMAT = dwarf;
				ENABLE_BITCODE = NO;
				ENABLE_STRICT_OBJC_MSGSEND = YES;
				ENABLE_TESTABILITY = YES;
				"EXCLUDED_ARCHS[sdk=iphonesimulator*]" = arm64;
				GCC_C_LANGUAGE_STANDARD = gnu11;
				GCC_DYNAMIC_NO_PIC = NO;
				GCC_NO_COMMON_BLOCKS = YES;
				GCC_OPTIMIZATION_LEVEL = 0;
				GCC_PREPROCESSOR_DEFINITIONS = (
					"DEBUG=1",
					"$(inherited)",
				);
				GCC_WARN_64_TO_32_BIT_CONVERSION = YES;
				GCC_WARN_ABOUT_RETURN_TYPE = YES_ERROR;
				GCC_WARN_UNDECLARED_SELECTOR = YES;
				GCC_WARN_UNINITIALIZED_AUTOS = YES_AGGRESSIVE;
				GCC_WARN_UNUSED_FUNCTION = YES;
				GCC_WARN_UNUSED_VARIABLE = YES;
				IPHONEOS_DEPLOYMENT_TARGET = 11.0;
				MTL_ENABLE_DEBUG_INFO = INCLUDE_SOURCE;
				MTL_FAST_MATH = YES;
				ONLY_ACTIVE_ARCH = YES;
				SDKROOT = iphoneos;
				SWIFT_ACTIVE_COMPILATION_CONDITIONS = DEBUG;
				SWIFT_OPTIMIZATION_LEVEL = "-Onone";
			};
			name = Debug;
		};
		2F6DF21527BDF47000AFF4F5 /* Release */ = {
			isa = XCBuildConfiguration;
			buildSettings = {
				ALWAYS_SEARCH_USER_PATHS = NO;
				ARCHS = (
					x86_64,
					arm64,
				);
				CLANG_ANALYZER_LOCALIZABILITY_NONLOCALIZED = YES;
				CLANG_ANALYZER_NONNULL = YES;
				CLANG_ANALYZER_NUMBER_OBJECT_CONVERSION = YES_AGGRESSIVE;
				CLANG_CXX_LANGUAGE_STANDARD = "gnu++17";
				CLANG_CXX_LIBRARY = "libc++";
				CLANG_ENABLE_MODULES = YES;
				CLANG_ENABLE_OBJC_ARC = YES;
				CLANG_ENABLE_OBJC_WEAK = YES;
				CLANG_WARN_BLOCK_CAPTURE_AUTORELEASING = YES;
				CLANG_WARN_BOOL_CONVERSION = YES;
				CLANG_WARN_COMMA = YES;
				CLANG_WARN_CONSTANT_CONVERSION = YES;
				CLANG_WARN_DEPRECATED_OBJC_IMPLEMENTATIONS = YES;
				CLANG_WARN_DIRECT_OBJC_ISA_USAGE = YES_ERROR;
				CLANG_WARN_DOCUMENTATION_COMMENTS = YES;
				CLANG_WARN_EMPTY_BODY = YES;
				CLANG_WARN_ENUM_CONVERSION = YES;
				CLANG_WARN_INFINITE_RECURSION = YES;
				CLANG_WARN_INT_CONVERSION = YES;
				CLANG_WARN_NON_LITERAL_NULL_CONVERSION = YES;
				CLANG_WARN_OBJC_IMPLICIT_RETAIN_SELF = YES;
				CLANG_WARN_OBJC_LITERAL_CONVERSION = YES;
				CLANG_WARN_OBJC_ROOT_CLASS = YES_ERROR;
				CLANG_WARN_QUOTED_INCLUDE_IN_FRAMEWORK_HEADER = YES;
				CLANG_WARN_RANGE_LOOP_ANALYSIS = YES;
				CLANG_WARN_STRICT_PROTOTYPES = YES;
				CLANG_WARN_SUSPICIOUS_MOVE = YES;
				CLANG_WARN_UNGUARDED_AVAILABILITY = YES_AGGRESSIVE;
				CLANG_WARN_UNREACHABLE_CODE = YES;
				CLANG_WARN__DUPLICATE_METHOD_MATCH = YES;
				COPY_PHASE_STRIP = NO;
				DEBUG_INFORMATION_FORMAT = "dwarf-with-dsym";
				ENABLE_BITCODE = NO;
				ENABLE_NS_ASSERTIONS = NO;
				ENABLE_STRICT_OBJC_MSGSEND = YES;
				"EXCLUDED_ARCHS[sdk=iphonesimulator*]" = arm64;
				GCC_C_LANGUAGE_STANDARD = gnu11;
				GCC_NO_COMMON_BLOCKS = YES;
				GCC_WARN_64_TO_32_BIT_CONVERSION = YES;
				GCC_WARN_ABOUT_RETURN_TYPE = YES_ERROR;
				GCC_WARN_UNDECLARED_SELECTOR = YES;
				GCC_WARN_UNINITIALIZED_AUTOS = YES_AGGRESSIVE;
				GCC_WARN_UNUSED_FUNCTION = YES;
				GCC_WARN_UNUSED_VARIABLE = YES;
				IPHONEOS_DEPLOYMENT_TARGET = 11.0;
				MTL_ENABLE_DEBUG_INFO = NO;
				MTL_FAST_MATH = YES;
				SDKROOT = iphoneos;
				SWIFT_COMPILATION_MODE = wholemodule;
				SWIFT_OPTIMIZATION_LEVEL = "-O";
				VALIDATE_PRODUCT = YES;
			};
			name = Release;
		};
		2F6DF21727BDF47000AFF4F5 /* Debug */ = {
			isa = XCBuildConfiguration;
			baseConfigurationReference = 78FCDFB4781BC53C5E5131A6 /* Pods-SDKDemo.debug.xcconfig */;
			buildSettings = {
				ARCHS = (
					arm64,
					x86_64,
				);
				ASSETCATALOG_COMPILER_APPICON_NAME = AppIcon;
				ASSETCATALOG_COMPILER_GLOBAL_ACCENT_COLOR_NAME = AccentColor;
				CODE_SIGN_ENTITLEMENTS = SDKDemo/Enviroment/Production/SDKDemo.entitlements;
				CODE_SIGN_IDENTITY = "iPhone Developer";
				CODE_SIGN_STYLE = Manual;
				CURRENT_PROJECT_VERSION = 1;
				DEVELOPMENT_TEAM = ZCBUP6ND93;
				GENERATE_INFOPLIST_FILE = YES;
				INFOPLIST_FILE = SDKDemo/Enviroment/Production/Info.plist;
				INFOPLIST_KEY_CFBundleDisplayName = SDKDemo;
				INFOPLIST_KEY_NSCalendarsUsageDescription = "Events to which you subscribed will be synchronized with your phone’s calendar";
				INFOPLIST_KEY_NSCameraUsageDescription = "Sending photo and video call";
				INFOPLIST_KEY_NSContactsUsageDescription = "NetAlo will continously upload your contacts to its heavily encrypted cloud servers to let you connect with your friends quickly";
				INFOPLIST_KEY_NSLocationAlwaysAndWhenInUseUsageDescription = "If you’d like to share your Location with friends, Application needs location access to use this feature";
				INFOPLIST_KEY_NSLocationAlwaysUsageDescription = "If you’d like to share your Live Location with friends, Application needs location access when the app is in background";
				INFOPLIST_KEY_NSLocationWhenInUseUsageDescription = "If you’d like to share your Location with friends, Application needs location access to use this feature";
				INFOPLIST_KEY_NSMicrophoneUsageDescription = "Using voice call";
				INFOPLIST_KEY_NSPhotoLibraryUsageDescription = "Sending photo and updating your profile";
				INFOPLIST_KEY_NSUserTrackingUsageDescription = "Your data will be used to provide you a better and personalized ad experience";
				INFOPLIST_KEY_UIApplicationSupportsIndirectInputEvents = YES;
				INFOPLIST_KEY_UILaunchStoryboardName = LaunchScreen;
				INFOPLIST_KEY_UIMainStoryboardFile = Main;
				INFOPLIST_KEY_UIRequiredDeviceCapabilities = armv7;
				INFOPLIST_KEY_UISupportedInterfaceOrientations = "UIInterfaceOrientationLandscapeRight UIInterfaceOrientationPortrait";
				INFOPLIST_KEY_UISupportedInterfaceOrientations_iPad = "UIInterfaceOrientationLandscapeLeft UIInterfaceOrientationLandscapeRight UIInterfaceOrientationPortrait UIInterfaceOrientationPortraitUpsideDown";
				IPHONEOS_DEPLOYMENT_TARGET = 12.0;
				LD_RUNPATH_SEARCH_PATHS = (
					"$(inherited)",
					"@executable_path/Frameworks",
				);
				MARKETING_VERSION = 1.0;
				PRODUCT_BUNDLE_IDENTIFIER = hura.asia;
				PRODUCT_MODULE_NAME = SDKDemo;
				PRODUCT_NAME = "$(TARGET_NAME)";
				PROVISIONING_PROFILE_SPECIFIER = huraprod;
				SWIFT_EMIT_LOC_STRINGS = YES;
				SWIFT_VERSION = 5.0;
				TARGETED_DEVICE_FAMILY = 1;
			};
			name = Debug;
		};
		2F6DF21827BDF47000AFF4F5 /* Release */ = {
			isa = XCBuildConfiguration;
			baseConfigurationReference = 2DDF467ED21756BD9900CFFC /* Pods-SDKDemo.release.xcconfig */;
			buildSettings = {
				ARCHS = (
					arm64,
					x86_64,
				);
				ASSETCATALOG_COMPILER_APPICON_NAME = AppIcon;
				ASSETCATALOG_COMPILER_GLOBAL_ACCENT_COLOR_NAME = AccentColor;
				CODE_SIGN_ENTITLEMENTS = SDKDemo/Enviroment/Production/SDKDemo.entitlements;
				CODE_SIGN_IDENTITY = "iPhone Developer";
				CODE_SIGN_STYLE = Manual;
				CURRENT_PROJECT_VERSION = 1;
				DEVELOPMENT_TEAM = ZCBUP6ND93;
				GENERATE_INFOPLIST_FILE = YES;
				INFOPLIST_FILE = SDKDemo/Enviroment/Production/Info.plist;
				INFOPLIST_KEY_CFBundleDisplayName = SDKDemo;
				INFOPLIST_KEY_NSCalendarsUsageDescription = "Events to which you subscribed will be synchronized with your phone’s calendar";
				INFOPLIST_KEY_NSCameraUsageDescription = "Sending photo and video call";
				INFOPLIST_KEY_NSContactsUsageDescription = "NetAlo will continously upload your contacts to its heavily encrypted cloud servers to let you connect with your friends quickly";
				INFOPLIST_KEY_NSLocationAlwaysAndWhenInUseUsageDescription = "If you’d like to share your Location with friends, Application needs location access to use this feature";
				INFOPLIST_KEY_NSLocationAlwaysUsageDescription = "If you’d like to share your Live Location with friends, Application needs location access when the app is in background";
				INFOPLIST_KEY_NSLocationWhenInUseUsageDescription = "If you’d like to share your Location with friends, Application needs location access to use this feature";
				INFOPLIST_KEY_NSMicrophoneUsageDescription = "Using voice call";
				INFOPLIST_KEY_NSPhotoLibraryUsageDescription = "Sending photo and updating your profile";
				INFOPLIST_KEY_NSUserTrackingUsageDescription = "Your data will be used to provide you a better and personalized ad experience";
				INFOPLIST_KEY_UIApplicationSupportsIndirectInputEvents = YES;
				INFOPLIST_KEY_UILaunchStoryboardName = LaunchScreen;
				INFOPLIST_KEY_UIMainStoryboardFile = Main;
				INFOPLIST_KEY_UIRequiredDeviceCapabilities = armv7;
				INFOPLIST_KEY_UISupportedInterfaceOrientations = "UIInterfaceOrientationLandscapeRight UIInterfaceOrientationPortrait";
				INFOPLIST_KEY_UISupportedInterfaceOrientations_iPad = "UIInterfaceOrientationLandscapeLeft UIInterfaceOrientationLandscapeRight UIInterfaceOrientationPortrait UIInterfaceOrientationPortraitUpsideDown";
				IPHONEOS_DEPLOYMENT_TARGET = 12.0;
				LD_RUNPATH_SEARCH_PATHS = (
					"$(inherited)",
					"@executable_path/Frameworks",
				);
				MARKETING_VERSION = 1.0;
				PRODUCT_BUNDLE_IDENTIFIER = hura.asia;
				PRODUCT_MODULE_NAME = SDKDemo;
				PRODUCT_NAME = "$(TARGET_NAME)";
				PROVISIONING_PROFILE_SPECIFIER = huraprod;
				SWIFT_EMIT_LOC_STRINGS = YES;
				SWIFT_VERSION = 5.0;
				TARGETED_DEVICE_FAMILY = 1;
			};
			name = Release;
		};
		2F6DF24D27BE393E00AFF4F5 /* Debug */ = {
			isa = XCBuildConfiguration;
			baseConfigurationReference = 8C099961B61DD83127BC8CE1 /* Pods-NotificationExtension.debug.xcconfig */;
			buildSettings = {
				ARCHS = (
					x86_64,
					arm64,
				);
				CLANG_CXX_LANGUAGE_STANDARD = "gnu++17";
				CODE_SIGN_ENTITLEMENTS = NotificationExtension/Config/NotificationExtension.entitlements;
				CODE_SIGN_IDENTITY = "iPhone Developer";
				CODE_SIGN_STYLE = Manual;
				CURRENT_PROJECT_VERSION = 1;
				DEVELOPMENT_TEAM = ZCBUP6ND93;
				GENERATE_INFOPLIST_FILE = YES;
				INFOPLIST_FILE = NotificationExtension/Config/Info.plist;
				INFOPLIST_KEY_CFBundleDisplayName = NotificationExtension;
				INFOPLIST_KEY_NSHumanReadableCopyright = "";
				IPHONEOS_DEPLOYMENT_TARGET = 12.0;
				LD_RUNPATH_SEARCH_PATHS = (
					"$(inherited)",
					"@executable_path/Frameworks",
					"@executable_path/../../Frameworks",
				);
				MARKETING_VERSION = 1.0;
				PRODUCT_BUNDLE_IDENTIFIER = hura.asia.noti;
				PRODUCT_NAME = "$(TARGET_NAME)";
				PROVISIONING_PROFILE_SPECIFIER = "huraprod-noti";
				SKIP_INSTALL = YES;
				SWIFT_EMIT_LOC_STRINGS = YES;
				SWIFT_VERSION = 5.0;
				TARGETED_DEVICE_FAMILY = 1;
			};
			name = Debug;
		};
		2F6DF24E27BE393E00AFF4F5 /* Release */ = {
			isa = XCBuildConfiguration;
			baseConfigurationReference = 8F4B1BE3782F4EAA6B957CF0 /* Pods-NotificationExtension.release.xcconfig */;
			buildSettings = {
				ARCHS = (
					x86_64,
					arm64,
				);
				CLANG_CXX_LANGUAGE_STANDARD = "gnu++17";
				CODE_SIGN_ENTITLEMENTS = NotificationExtension/Config/NotificationExtension.entitlements;
				CODE_SIGN_IDENTITY = "iPhone Developer";
				CODE_SIGN_STYLE = Manual;
				CURRENT_PROJECT_VERSION = 1;
				DEVELOPMENT_TEAM = ZCBUP6ND93;
				GENERATE_INFOPLIST_FILE = YES;
				INFOPLIST_FILE = NotificationExtension/Config/Info.plist;
				INFOPLIST_KEY_CFBundleDisplayName = NotificationExtension;
				INFOPLIST_KEY_NSHumanReadableCopyright = "";
				IPHONEOS_DEPLOYMENT_TARGET = 12.0;
				LD_RUNPATH_SEARCH_PATHS = (
					"$(inherited)",
					"@executable_path/Frameworks",
					"@executable_path/../../Frameworks",
				);
				MARKETING_VERSION = 1.0;
				PRODUCT_BUNDLE_IDENTIFIER = hura.asia.noti;
				PRODUCT_NAME = "$(TARGET_NAME)";
				PROVISIONING_PROFILE_SPECIFIER = "huraprod-noti";
				SKIP_INSTALL = YES;
				SWIFT_EMIT_LOC_STRINGS = YES;
				SWIFT_VERSION = 5.0;
				TARGETED_DEVICE_FAMILY = 1;
			};
			name = Release;
		};
/* End XCBuildConfiguration section */

/* Begin XCConfigurationList section */
		2F6DF1FD27BDF46F00AFF4F5 /* Build configuration list for PBXProject "SDKDemo" */ = {
			isa = XCConfigurationList;
			buildConfigurations = (
				2F6DF21427BDF47000AFF4F5 /* Debug */,
				2F6DF21527BDF47000AFF4F5 /* Release */,
			);
			defaultConfigurationIsVisible = 0;
			defaultConfigurationName = Release;
		};
		2F6DF21627BDF47000AFF4F5 /* Build configuration list for PBXNativeTarget "SDKDemo" */ = {
			isa = XCConfigurationList;
			buildConfigurations = (
				2F6DF21727BDF47000AFF4F5 /* Debug */,
				2F6DF21827BDF47000AFF4F5 /* Release */,
			);
			defaultConfigurationIsVisible = 0;
			defaultConfigurationName = Release;
		};
		2F6DF24F27BE393E00AFF4F5 /* Build configuration list for PBXNativeTarget "NotificationExtension" */ = {
			isa = XCConfigurationList;
			buildConfigurations = (
				2F6DF24D27BE393E00AFF4F5 /* Debug */,
				2F6DF24E27BE393E00AFF4F5 /* Release */,
			);
			defaultConfigurationIsVisible = 0;
			defaultConfigurationName = Release;
		};
/* End XCConfigurationList section */
	};
	rootObject = 2F6DF1FA27BDF46F00AFF4F5 /* Project object */;
}
